
Microsoft Visual Studio Solution File, Format Version 12.00
# Visual Studio Version 17
VisualStudioVersion = 17.12.35514.174
MinimumVisualStudioVersion = 10.0.40219.1
Project("{FAE04EC0-301F-11D3-BF4B-00C04F79EFBC}") = "Day01", "Day01\Day01.csproj", "{CFF6CC32-2169-44A2-8F9C-B269E71BF291}"
EndProject
Project("{FAE04EC0-301F-11D3-BF4B-00C04F79EFBC}") = "Day02", "Day02\Day02.csproj", "{B49F246E-9803-470A-B5F5-1D90535D5B89}"
EndProject
Project("{FAE04EC0-301F-11D3-BF4B-00C04F79EFBC}") = "Day03", "Day03\Day03.csproj", "{ED630F38-018D-484D-B0B4-6B94A259F680}"
EndProject
Project("{FAE04EC0-301F-11D3-BF4B-00C04F79EFBC}") = "Day04", "Day04\Day04.csproj", "{6F208B23-3462-4712-A6BA-0DC985489609}"
EndProject
Project("{FAE04EC0-301F-11D3-BF4B-00C04F79EFBC}") = "Day05", "Day05\Day05.csproj", "{B984F9B8-E667-42E2-AEFC-29F14E5A8937}"
EndProject
Project("{FAE04EC0-301F-11D3-BF4B-00C04F79EFBC}") = "Day06", "Day06\Day06.csproj", "{A7C9E482-F47B-4B6F-9086-1660E21B50A0}"
EndProject
Project("{FAE04EC0-301F-11D3-BF4B-00C04F79EFBC}") = "Day07", "Day07\Day07.csproj", "{145069F0-D28C-4F75-A295-A5301D5D4711}"
EndProject
Project("{FAE04EC0-301F-11D3-BF4B-00C04F79EFBC}") = "Day08", "Day08\Day08.csproj", "{79F11F14-3252-4452-8C70-4D54F0E7ECCF}"
EndProject
Project("{FAE04EC0-301F-11D3-BF4B-00C04F79EFBC}") = "Day09", "Day09\Day09.csproj", "{14DC3F51-C69F-4C2E-A5CA-AC84FB2E436E}"
EndProject
Project("{FAE04EC0-301F-11D3-BF4B-00C04F79EFBC}") = "Day10", "Day10\Day10.csproj", "{2D7DD4E9-E0FA-498C-AD52-75236B62EE11}"
EndProject
Project("{FAE04EC0-301F-11D3-BF4B-00C04F79EFBC}") = "Day11", "Day11\Day11.csproj", "{DB623275-E01F-4E14-9C81-ADF639B16E73}"
EndProject
Global
	GlobalSection(SolutionConfigurationPlatforms) = preSolution
		Debug|Any CPU = Debug|Any CPU
		Release|Any CPU = Release|Any CPU
	EndGlobalSection
	GlobalSection(ProjectConfigurationPlatforms) = postSolution
		{CFF6CC32-2169-44A2-8F9C-B269E71BF291}.Debug|Any CPU.ActiveCfg = Debug|Any CPU
		{CFF6CC32-2169-44A2-8F9C-B269E71BF291}.Debug|Any CPU.Build.0 = Debug|Any CPU
		{CFF6CC32-2169-44A2-8F9C-B269E71BF291}.Release|Any CPU.ActiveCfg = Release|Any CPU
		{CFF6CC32-2169-44A2-8F9C-B269E71BF291}.Release|Any CPU.Build.0 = Release|Any CPU
		{B49F246E-9803-470A-B5F5-1D90535D5B89}.Debug|Any CPU.ActiveCfg = Debug|Any CPU
		{B49F246E-9803-470A-B5F5-1D90535D5B89}.Debug|Any CPU.Build.0 = Debug|Any CPU
		{B49F246E-9803-470A-B5F5-1D90535D5B89}.Release|Any CPU.ActiveCfg = Release|Any CPU
		{B49F246E-9803-470A-B5F5-1D90535D5B89}.Release|Any CPU.Build.0 = Release|Any CPU
		{ED630F38-018D-484D-B0B4-6B94A259F680}.Debug|Any CPU.ActiveCfg = Debug|Any CPU
		{ED630F38-018D-484D-B0B4-6B94A259F680}.Debug|Any CPU.Build.0 = Debug|Any CPU
		{ED630F38-018D-484D-B0B4-6B94A259F680}.Release|Any CPU.ActiveCfg = Release|Any CPU
		{ED630F38-018D-484D-B0B4-6B94A259F680}.Release|Any CPU.Build.0 = Release|Any CPU
		{6F208B23-3462-4712-A6BA-0DC985489609}.Debug|Any CPU.ActiveCfg = Debug|Any CPU
		{6F208B23-3462-4712-A6BA-0DC985489609}.Debug|Any CPU.Build.0 = Debug|Any CPU
		{6F208B23-3462-4712-A6BA-0DC985489609}.Release|Any CPU.ActiveCfg = Release|Any CPU
		{6F208B23-3462-4712-A6BA-0DC985489609}.Release|Any CPU.Build.0 = Release|Any CPU
		{B984F9B8-E667-42E2-AEFC-29F14E5A8937}.Debug|Any CPU.ActiveCfg = Debug|Any CPU
		{B984F9B8-E667-42E2-AEFC-29F14E5A8937}.Debug|Any CPU.Build.0 = Debug|Any CPU
		{B984F9B8-E667-42E2-AEFC-29F14E5A8937}.Release|Any CPU.ActiveCfg = Release|Any CPU
		{B984F9B8-E667-42E2-AEFC-29F14E5A8937}.Release|Any CPU.Build.0 = Release|Any CPU
		{A7C9E482-F47B-4B6F-9086-1660E21B50A0}.Debug|Any CPU.ActiveCfg = Debug|Any CPU
		{A7C9E482-F47B-4B6F-9086-1660E21B50A0}.Debug|Any CPU.Build.0 = Debug|Any CPU
		{A7C9E482-F47B-4B6F-9086-1660E21B50A0}.Release|Any CPU.ActiveCfg = Release|Any CPU
		{A7C9E482-F47B-4B6F-9086-1660E21B50A0}.Release|Any CPU.Build.0 = Release|Any CPU
		{145069F0-D28C-4F75-A295-A5301D5D4711}.Debug|Any CPU.ActiveCfg = Debug|Any CPU
		{145069F0-D28C-4F75-A295-A5301D5D4711}.Debug|Any CPU.Build.0 = Debug|Any CPU
		{145069F0-D28C-4F75-A295-A5301D5D4711}.Release|Any CPU.ActiveCfg = Release|Any CPU
		{145069F0-D28C-4F75-A295-A5301D5D4711}.Release|Any CPU.Build.0 = Release|Any CPU
		{79F11F14-3252-4452-8C70-4D54F0E7ECCF}.Debug|Any CPU.ActiveCfg = Debug|Any CPU
		{79F11F14-3252-4452-8C70-4D54F0E7ECCF}.Debug|Any CPU.Build.0 = Debug|Any CPU
		{79F11F14-3252-4452-8C70-4D54F0E7ECCF}.Release|Any CPU.ActiveCfg = Release|Any CPU
		{79F11F14-3252-4452-8C70-4D54F0E7ECCF}.Release|Any CPU.Build.0 = Release|Any CPU
		{14DC3F51-C69F-4C2E-A5CA-AC84FB2E436E}.Debug|Any CPU.ActiveCfg = Debug|Any CPU
		{14DC3F51-C69F-4C2E-A5CA-AC84FB2E436E}.Debug|Any CPU.Build.0 = Debug|Any CPU
		{14DC3F51-C69F-4C2E-A5CA-AC84FB2E436E}.Release|Any CPU.ActiveCfg = Release|Any CPU
		{14DC3F51-C69F-4C2E-A5CA-AC84FB2E436E}.Release|Any CPU.Build.0 = Release|Any CPU
		{2D7DD4E9-E0FA-498C-AD52-75236B62EE11}.Debug|Any CPU.ActiveCfg = Debug|Any CPU
		{2D7DD4E9-E0FA-498C-AD52-75236B62EE11}.Debug|Any CPU.Build.0 = Debug|Any CPU
		{2D7DD4E9-E0FA-498C-AD52-75236B62EE11}.Release|Any CPU.ActiveCfg = Release|Any CPU
		{2D7DD4E9-E0FA-498C-AD52-75236B62EE11}.Release|Any CPU.Build.0 = Release|Any CPU
		{DB623275-E01F-4E14-9C81-ADF639B16E73}.Debug|Any CPU.ActiveCfg = Debug|Any CPU
		{DB623275-E01F-4E14-9C81-ADF639B16E73}.Debug|Any CPU.Build.0 = Debug|Any CPU
		{DB623275-E01F-4E14-9C81-ADF639B16E73}.Release|Any CPU.ActiveCfg = Release|Any CPU
		{DB623275-E01F-4E14-9C81-ADF639B16E73}.Release|Any CPU.Build.0 = Release|Any CPU
	EndGlobalSection
	GlobalSection(SolutionProperties) = preSolution
		HideSolutionNode = FALSE
	EndGlobalSection
EndGlobal
