
Microsoft Visual Studio Solution File, Format Version 12.00
# Visual Studio Version 17
VisualStudioVersion = 17.12.35514.174
MinimumVisualStudioVersion = 10.0.40219.1
Project("{FAE04EC0-301F-11D3-BF4B-00C04F79EFBC}") = "Day01", "Day01\Day01.csproj", "{CFF6CC32-2169-44A2-8F9C-B269E71BF291}"
EndProject
Project("{FAE04EC0-301F-11D3-BF4B-00C04F79EFBC}") = "Day02", "Day02\Day02.csproj", "{B49F246E-9803-470A-B5F5-1D90535D5B89}"
EndProject
Project("{FAE04EC0-301F-11D3-BF4B-00C04F79EFBC}") = "Day03", "Day03\Day03.csproj", "{ED630F38-018D-484D-B0B4-6B94A259F680}"
EndProject
Project("{FAE04EC0-301F-11D3-BF4B-00C04F79EFBC}") = "Day04", "Day04\Day04.csproj", "{6F208B23-3462-4712-A6BA-0DC985489609}"
EndProject
Project("{FAE04EC0-301F-11D3-BF4B-00C04F79EFBC}") = "Day05", "Day05\Day05.csproj", "{B984F9B8-E667-42E2-AEFC-29F14E5A8937}"
EndProject
Project("{FAE04EC0-301F-11D3-BF4B-00C04F79EFBC}") = "Day06", "Day06\Day06.csproj", "{A7C9E482-F47B-4B6F-9086-1660E21B50A0}"
EndProject
Project("{FAE04EC0-301F-11D3-BF4B-00C04F79EFBC}") = "Day07", "Day07\Day07.csproj", "{145069F0-D28C-4F75-A295-A5301D5D4711}"
EndProject
Project("{FAE04EC0-301F-11D3-BF4B-00C04F79EFBC}") = "Day08", "Day08\Day08.csproj", "{79F11F14-3252-4452-8C70-4D54F0E7ECCF}"
EndProject
Project("{FAE04EC0-301F-11D3-BF4B-00C04F79EFBC}") = "Day09", "Day09\Day09.csproj", "{14DC3F51-C69F-4C2E-A5CA-AC84FB2E436E}"
EndProject
Project("{FAE04EC0-301F-11D3-BF4B-00C04F79EFBC}") = "Day10", "Day10\Day10.csproj", "{2D7DD4E9-E0FA-498C-AD52-75236B62EE11}"
EndProject
Project("{FAE04EC0-301F-11D3-BF4B-00C04F79EFBC}") = "Day11", "Day11\Day11.csproj", "{DB623275-E01F-4E14-9C81-ADF639B16E73}"
EndProject
Project("{FAE04EC0-301F-11D3-BF4B-00C04F79EFBC}") = "Day12", "Day12\Day12.csproj", "{07A8F460-185A-4604-A7FA-CBC24722991F}"
EndProject
Project("{FAE04EC0-301F-11D3-BF4B-00C04F79EFBC}") = "Day13", "Day13\Day13.csproj", "{1495EE27-254C-4BBE-9727-15F3BC1E7082}"
EndProject
Project("{FAE04EC0-301F-11D3-BF4B-00C04F79EFBC}") = "Day14", "Day14\Day14.csproj", "{65F5E364-9D3C-470D-9D6F-593A56B3AE29}"
EndProject
Project("{FAE04EC0-301F-11D3-BF4B-00C04F79EFBC}") = "Day15", "Day15\Day15.csproj", "{5C0F259E-06B9-4C51-B7FB-E3596FF4A0E3}"
EndProject
Project("{FAE04EC0-301F-11D3-BF4B-00C04F79EFBC}") = "Day19", "Day19\Day19.csproj", "{867388A2-937E-4721-98CD-D34DE8910BC0}"
EndProject
Project("{FAE04EC0-301F-11D3-BF4B-00C04F79EFBC}") = "Day17", "Day17\Day17.csproj", "{57BC4084-DC2D-460E-8679-A1303F85336D}"
EndProject
Project("{FAE04EC0-301F-11D3-BF4B-00C04F79EFBC}") = "Day16", "Day16\Day16.csproj", "{16B4B1DE-6EBE-43D2-84FB-590C42291A66}"
EndProject
Project("{FAE04EC0-301F-11D3-BF4B-00C04F79EFBC}") = "Day18", "Day18\Day18.csproj", "{C5A5F8BE-7156-43F9-84BF-4991486A5426}"
EndProject
Project("{FAE04EC0-301F-11D3-BF4B-00C04F79EFBC}") = "Day20", "Day20\Day20.csproj", "{9775CE04-0476-4647-9F48-A85B61A87D69}"
EndProject
Project("{FAE04EC0-301F-11D3-BF4B-00C04F79EFBC}") = "Day25", "Day25\Day25.csproj", "{074BA185-BFCD-4ACC-949D-5D6DEADB0773}"
EndProject
Project("{FAE04EC0-301F-11D3-BF4B-00C04F79EFBC}") = "Day24", "Day24\Day24.csproj", "{B727A47F-59A8-44FA-9191-DCE54276E4C8}"
EndProject
Project("{FAE04EC0-301F-11D3-BF4B-00C04F79EFBC}") = "Day23", "Day23\Day23.csproj", "{EF5651F5-ECC1-4C97-928D-9F2272E8C4E4}"
EndProject
Project("{FAE04EC0-301F-11D3-BF4B-00C04F79EFBC}") = "Day22", "Day22\Day22.csproj", "{876F6D84-3838-45B1-BEBC-B65C08B0E80B}"
EndProject
Project("{FAE04EC0-301F-11D3-BF4B-00C04F79EFBC}") = "Day21", "Day21\Day21.csproj", "{9E6A97F4-61AE-44A8-B612-1F326313F969}"
EndProject
Global
	GlobalSection(SolutionConfigurationPlatforms) = preSolution
		Debug|Any CPU = Debug|Any CPU
		Release|Any CPU = Release|Any CPU
	EndGlobalSection
	GlobalSection(ProjectConfigurationPlatforms) = postSolution
		{CFF6CC32-2169-44A2-8F9C-B269E71BF291}.Debug|Any CPU.ActiveCfg = Debug|Any CPU
		{CFF6CC32-2169-44A2-8F9C-B269E71BF291}.Debug|Any CPU.Build.0 = Debug|Any CPU
		{CFF6CC32-2169-44A2-8F9C-B269E71BF291}.Release|Any CPU.ActiveCfg = Release|Any CPU
		{CFF6CC32-2169-44A2-8F9C-B269E71BF291}.Release|Any CPU.Build.0 = Release|Any CPU
		{B49F246E-9803-470A-B5F5-1D90535D5B89}.Debug|Any CPU.ActiveCfg = Debug|Any CPU
		{B49F246E-9803-470A-B5F5-1D90535D5B89}.Debug|Any CPU.Build.0 = Debug|Any CPU
		{B49F246E-9803-470A-B5F5-1D90535D5B89}.Release|Any CPU.ActiveCfg = Release|Any CPU
		{B49F246E-9803-470A-B5F5-1D90535D5B89}.Release|Any CPU.Build.0 = Release|Any CPU
		{ED630F38-018D-484D-B0B4-6B94A259F680}.Debug|Any CPU.ActiveCfg = Debug|Any CPU
		{ED630F38-018D-484D-B0B4-6B94A259F680}.Debug|Any CPU.Build.0 = Debug|Any CPU
		{ED630F38-018D-484D-B0B4-6B94A259F680}.Release|Any CPU.ActiveCfg = Release|Any CPU
		{ED630F38-018D-484D-B0B4-6B94A259F680}.Release|Any CPU.Build.0 = Release|Any CPU
		{6F208B23-3462-4712-A6BA-0DC985489609}.Debug|Any CPU.ActiveCfg = Debug|Any CPU
		{6F208B23-3462-4712-A6BA-0DC985489609}.Debug|Any CPU.Build.0 = Debug|Any CPU
		{6F208B23-3462-4712-A6BA-0DC985489609}.Release|Any CPU.ActiveCfg = Release|Any CPU
		{6F208B23-3462-4712-A6BA-0DC985489609}.Release|Any CPU.Build.0 = Release|Any CPU
		{B984F9B8-E667-42E2-AEFC-29F14E5A8937}.Debug|Any CPU.ActiveCfg = Debug|Any CPU
		{B984F9B8-E667-42E2-AEFC-29F14E5A8937}.Debug|Any CPU.Build.0 = Debug|Any CPU
		{B984F9B8-E667-42E2-AEFC-29F14E5A8937}.Release|Any CPU.ActiveCfg = Release|Any CPU
		{B984F9B8-E667-42E2-AEFC-29F14E5A8937}.Release|Any CPU.Build.0 = Release|Any CPU
		{A7C9E482-F47B-4B6F-9086-1660E21B50A0}.Debug|Any CPU.ActiveCfg = Debug|Any CPU
		{A7C9E482-F47B-4B6F-9086-1660E21B50A0}.Debug|Any CPU.Build.0 = Debug|Any CPU
		{A7C9E482-F47B-4B6F-9086-1660E21B50A0}.Release|Any CPU.ActiveCfg = Release|Any CPU
		{A7C9E482-F47B-4B6F-9086-1660E21B50A0}.Release|Any CPU.Build.0 = Release|Any CPU
		{145069F0-D28C-4F75-A295-A5301D5D4711}.Debug|Any CPU.ActiveCfg = Debug|Any CPU
		{145069F0-D28C-4F75-A295-A5301D5D4711}.Debug|Any CPU.Build.0 = Debug|Any CPU
		{145069F0-D28C-4F75-A295-A5301D5D4711}.Release|Any CPU.ActiveCfg = Release|Any CPU
		{145069F0-D28C-4F75-A295-A5301D5D4711}.Release|Any CPU.Build.0 = Release|Any CPU
		{79F11F14-3252-4452-8C70-4D54F0E7ECCF}.Debug|Any CPU.ActiveCfg = Debug|Any CPU
		{79F11F14-3252-4452-8C70-4D54F0E7ECCF}.Debug|Any CPU.Build.0 = Debug|Any CPU
		{79F11F14-3252-4452-8C70-4D54F0E7ECCF}.Release|Any CPU.ActiveCfg = Release|Any CPU
		{79F11F14-3252-4452-8C70-4D54F0E7ECCF}.Release|Any CPU.Build.0 = Release|Any CPU
		{14DC3F51-C69F-4C2E-A5CA-AC84FB2E436E}.Debug|Any CPU.ActiveCfg = Debug|Any CPU
		{14DC3F51-C69F-4C2E-A5CA-AC84FB2E436E}.Debug|Any CPU.Build.0 = Debug|Any CPU
		{14DC3F51-C69F-4C2E-A5CA-AC84FB2E436E}.Release|Any CPU.ActiveCfg = Release|Any CPU
		{14DC3F51-C69F-4C2E-A5CA-AC84FB2E436E}.Release|Any CPU.Build.0 = Release|Any CPU
		{2D7DD4E9-E0FA-498C-AD52-75236B62EE11}.Debug|Any CPU.ActiveCfg = Debug|Any CPU
		{2D7DD4E9-E0FA-498C-AD52-75236B62EE11}.Debug|Any CPU.Build.0 = Debug|Any CPU
		{2D7DD4E9-E0FA-498C-AD52-75236B62EE11}.Release|Any CPU.ActiveCfg = Release|Any CPU
		{2D7DD4E9-E0FA-498C-AD52-75236B62EE11}.Release|Any CPU.Build.0 = Release|Any CPU
		{DB623275-E01F-4E14-9C81-ADF639B16E73}.Debug|Any CPU.ActiveCfg = Debug|Any CPU
		{DB623275-E01F-4E14-9C81-ADF639B16E73}.Debug|Any CPU.Build.0 = Debug|Any CPU
		{DB623275-E01F-4E14-9C81-ADF639B16E73}.Release|Any CPU.ActiveCfg = Release|Any CPU
		{DB623275-E01F-4E14-9C81-ADF639B16E73}.Release|Any CPU.Build.0 = Release|Any CPU
		{07A8F460-185A-4604-A7FA-CBC24722991F}.Debug|Any CPU.ActiveCfg = Debug|Any CPU
		{07A8F460-185A-4604-A7FA-CBC24722991F}.Debug|Any CPU.Build.0 = Debug|Any CPU
		{07A8F460-185A-4604-A7FA-CBC24722991F}.Release|Any CPU.ActiveCfg = Release|Any CPU
		{07A8F460-185A-4604-A7FA-CBC24722991F}.Release|Any CPU.Build.0 = Release|Any CPU
		{1495EE27-254C-4BBE-9727-15F3BC1E7082}.Debug|Any CPU.ActiveCfg = Debug|Any CPU
		{1495EE27-254C-4BBE-9727-15F3BC1E7082}.Debug|Any CPU.Build.0 = Debug|Any CPU
		{1495EE27-254C-4BBE-9727-15F3BC1E7082}.Release|Any CPU.ActiveCfg = Release|Any CPU
		{1495EE27-254C-4BBE-9727-15F3BC1E7082}.Release|Any CPU.Build.0 = Release|Any CPU
		{65F5E364-9D3C-470D-9D6F-593A56B3AE29}.Debug|Any CPU.ActiveCfg = Debug|Any CPU
		{65F5E364-9D3C-470D-9D6F-593A56B3AE29}.Debug|Any CPU.Build.0 = Debug|Any CPU
		{65F5E364-9D3C-470D-9D6F-593A56B3AE29}.Release|Any CPU.ActiveCfg = Release|Any CPU
		{65F5E364-9D3C-470D-9D6F-593A56B3AE29}.Release|Any CPU.Build.0 = Release|Any CPU
		{5C0F259E-06B9-4C51-B7FB-E3596FF4A0E3}.Debug|Any CPU.ActiveCfg = Debug|Any CPU
		{5C0F259E-06B9-4C51-B7FB-E3596FF4A0E3}.Debug|Any CPU.Build.0 = Debug|Any CPU
		{5C0F259E-06B9-4C51-B7FB-E3596FF4A0E3}.Release|Any CPU.ActiveCfg = Release|Any CPU
		{5C0F259E-06B9-4C51-B7FB-E3596FF4A0E3}.Release|Any CPU.Build.0 = Release|Any CPU
		{867388A2-937E-4721-98CD-D34DE8910BC0}.Debug|Any CPU.ActiveCfg = Debug|Any CPU
		{867388A2-937E-4721-98CD-D34DE8910BC0}.Debug|Any CPU.Build.0 = Debug|Any CPU
		{867388A2-937E-4721-98CD-D34DE8910BC0}.Release|Any CPU.ActiveCfg = Release|Any CPU
		{867388A2-937E-4721-98CD-D34DE8910BC0}.Release|Any CPU.Build.0 = Release|Any CPU
		{57BC4084-DC2D-460E-8679-A1303F85336D}.Debug|Any CPU.ActiveCfg = Debug|Any CPU
		{57BC4084-DC2D-460E-8679-A1303F85336D}.Debug|Any CPU.Build.0 = Debug|Any CPU
		{57BC4084-DC2D-460E-8679-A1303F85336D}.Release|Any CPU.ActiveCfg = Release|Any CPU
		{57BC4084-DC2D-460E-8679-A1303F85336D}.Release|Any CPU.Build.0 = Release|Any CPU
		{16B4B1DE-6EBE-43D2-84FB-590C42291A66}.Debug|Any CPU.ActiveCfg = Debug|Any CPU
		{16B4B1DE-6EBE-43D2-84FB-590C42291A66}.Debug|Any CPU.Build.0 = Debug|Any CPU
		{16B4B1DE-6EBE-43D2-84FB-590C42291A66}.Release|Any CPU.ActiveCfg = Release|Any CPU
		{16B4B1DE-6EBE-43D2-84FB-590C42291A66}.Release|Any CPU.Build.0 = Release|Any CPU
		{C5A5F8BE-7156-43F9-84BF-4991486A5426}.Debug|Any CPU.ActiveCfg = Debug|Any CPU
		{C5A5F8BE-7156-43F9-84BF-4991486A5426}.Debug|Any CPU.Build.0 = Debug|Any CPU
		{C5A5F8BE-7156-43F9-84BF-4991486A5426}.Release|Any CPU.ActiveCfg = Release|Any CPU
		{C5A5F8BE-7156-43F9-84BF-4991486A5426}.Release|Any CPU.Build.0 = Release|Any CPU
		{9775CE04-0476-4647-9F48-A85B61A87D69}.Debug|Any CPU.ActiveCfg = Debug|Any CPU
		{9775CE04-0476-4647-9F48-A85B61A87D69}.Debug|Any CPU.Build.0 = Debug|Any CPU
		{9775CE04-0476-4647-9F48-A85B61A87D69}.Release|Any CPU.ActiveCfg = Release|Any CPU
		{9775CE04-0476-4647-9F48-A85B61A87D69}.Release|Any CPU.Build.0 = Release|Any CPU
		{074BA185-BFCD-4ACC-949D-5D6DEADB0773}.Debug|Any CPU.ActiveCfg = Debug|Any CPU
		{074BA185-BFCD-4ACC-949D-5D6DEADB0773}.Debug|Any CPU.Build.0 = Debug|Any CPU
		{074BA185-BFCD-4ACC-949D-5D6DEADB0773}.Release|Any CPU.ActiveCfg = Release|Any CPU
		{074BA185-BFCD-4ACC-949D-5D6DEADB0773}.Release|Any CPU.Build.0 = Release|Any CPU
		{B727A47F-59A8-44FA-9191-DCE54276E4C8}.Debug|Any CPU.ActiveCfg = Debug|Any CPU
		{B727A47F-59A8-44FA-9191-DCE54276E4C8}.Debug|Any CPU.Build.0 = Debug|Any CPU
		{B727A47F-59A8-44FA-9191-DCE54276E4C8}.Release|Any CPU.ActiveCfg = Release|Any CPU
		{B727A47F-59A8-44FA-9191-DCE54276E4C8}.Release|Any CPU.Build.0 = Release|Any CPU
		{EF5651F5-ECC1-4C97-928D-9F2272E8C4E4}.Debug|Any CPU.ActiveCfg = Debug|Any CPU
		{EF5651F5-ECC1-4C97-928D-9F2272E8C4E4}.Debug|Any CPU.Build.0 = Debug|Any CPU
		{EF5651F5-ECC1-4C97-928D-9F2272E8C4E4}.Release|Any CPU.ActiveCfg = Release|Any CPU
		{EF5651F5-ECC1-4C97-928D-9F2272E8C4E4}.Release|Any CPU.Build.0 = Release|Any CPU
		{876F6D84-3838-45B1-BEBC-B65C08B0E80B}.Debug|Any CPU.ActiveCfg = Debug|Any CPU
		{876F6D84-3838-45B1-BEBC-B65C08B0E80B}.Debug|Any CPU.Build.0 = Debug|Any CPU
		{876F6D84-3838-45B1-BEBC-B65C08B0E80B}.Release|Any CPU.ActiveCfg = Release|Any CPU
		{876F6D84-3838-45B1-BEBC-B65C08B0E80B}.Release|Any CPU.Build.0 = Release|Any CPU
		{9E6A97F4-61AE-44A8-B612-1F326313F969}.Debug|Any CPU.ActiveCfg = Debug|Any CPU
		{9E6A97F4-61AE-44A8-B612-1F326313F969}.Debug|Any CPU.Build.0 = Debug|Any CPU
		{9E6A97F4-61AE-44A8-B612-1F326313F969}.Release|Any CPU.ActiveCfg = Release|Any CPU
		{9E6A97F4-61AE-44A8-B612-1F326313F969}.Release|Any CPU.Build.0 = Release|Any CPU
	EndGlobalSection
	GlobalSection(SolutionProperties) = preSolution
		HideSolutionNode = FALSE
	EndGlobalSection
EndGlobal
